
Microsoft Visual Studio Solution File, Format Version 12.00
# Visual Studio Version 16
VisualStudioVersion = 16.0.29806.167
MinimumVisualStudioVersion = 10.0.40219.1
Project("{FAE04EC0-301F-11D3-BF4B-00C04F79EFBC}") = "NeuralNetworkExperiments", "NeuralNetworkExperiments\NeuralNetworkExperiments.csproj", "{F50285D2-9FEC-449C-BEB2-734A824009D2}"
EndProject
Project("{9A19103F-16F7-4668-BE54-9A1E7A4F7556}") = "GANN", "GANN\GANN.csproj", "{244C66D2-3B9F-49BE-846D-0EF29ACEF554}"
EndProject
Project("{9A19103F-16F7-4668-BE54-9A1E7A4F7556}") = "UnitTests", "UnitTests\UnitTests.csproj", "{403C65DF-A176-4EBC-9248-F83AED9BB75B}"
EndProject
Project("{FAE04EC0-301F-11D3-BF4B-00C04F79EFBC}") = "TSExp", "TSExp\TSExp.csproj", "{A9CDA095-058D-40E3-864D-0D1409B12363}"
EndProject
Global
	GlobalSection(SolutionConfigurationPlatforms) = preSolution
		Debug|Any CPU = Debug|Any CPU
		Release|Any CPU = Release|Any CPU
	EndGlobalSection
	GlobalSection(ProjectConfigurationPlatforms) = postSolution
		{F50285D2-9FEC-449C-BEB2-734A824009D2}.Debug|Any CPU.ActiveCfg = Debug|Any CPU
		{F50285D2-9FEC-449C-BEB2-734A824009D2}.Debug|Any CPU.Build.0 = Debug|Any CPU
		{F50285D2-9FEC-449C-BEB2-734A824009D2}.Release|Any CPU.ActiveCfg = Release|Any CPU
		{F50285D2-9FEC-449C-BEB2-734A824009D2}.Release|Any CPU.Build.0 = Release|Any CPU
		{244C66D2-3B9F-49BE-846D-0EF29ACEF554}.Debug|Any CPU.ActiveCfg = Debug|Any CPU
		{244C66D2-3B9F-49BE-846D-0EF29ACEF554}.Debug|Any CPU.Build.0 = Debug|Any CPU
		{244C66D2-3B9F-49BE-846D-0EF29ACEF554}.Release|Any CPU.ActiveCfg = Release|Any CPU
		{244C66D2-3B9F-49BE-846D-0EF29ACEF554}.Release|Any CPU.Build.0 = Release|Any CPU
		{403C65DF-A176-4EBC-9248-F83AED9BB75B}.Debug|Any CPU.ActiveCfg = Debug|Any CPU
		{403C65DF-A176-4EBC-9248-F83AED9BB75B}.Debug|Any CPU.Build.0 = Debug|Any CPU
		{403C65DF-A176-4EBC-9248-F83AED9BB75B}.Release|Any CPU.ActiveCfg = Release|Any CPU
		{403C65DF-A176-4EBC-9248-F83AED9BB75B}.Release|Any CPU.Build.0 = Release|Any CPU
		{A9CDA095-058D-40E3-864D-0D1409B12363}.Debug|Any CPU.ActiveCfg = Debug|Any CPU
		{A9CDA095-058D-40E3-864D-0D1409B12363}.Debug|Any CPU.Build.0 = Debug|Any CPU
		{A9CDA095-058D-40E3-864D-0D1409B12363}.Release|Any CPU.ActiveCfg = Release|Any CPU
		{A9CDA095-058D-40E3-864D-0D1409B12363}.Release|Any CPU.Build.0 = Release|Any CPU
	EndGlobalSection
	GlobalSection(SolutionProperties) = preSolution
		HideSolutionNode = FALSE
	EndGlobalSection
	GlobalSection(ExtensibilityGlobals) = postSolution
		SolutionGuid = {639E82A0-F48C-4660-A1DE-CF0ED324AF64}
	EndGlobalSection
EndGlobal
